
Microsoft Visual Studio Solution File, Format Version 12.00
# Visual Studio Version 17
VisualStudioVersion = 17.12.35527.113 d17.12
MinimumVisualStudioVersion = 10.0.40219.1
Project("{FAE04EC0-301F-11D3-BF4B-00C04F79EFBC}") = "Repositorio", "Repositorio\Repositorio.csproj", "{FBA0D1FA-DFEA-4033-ADD1-A0FA1DD0EF9C}"
EndProject
Project("{FAE04EC0-301F-11D3-BF4B-00C04F79EFBC}") = "Negocio", "Negocio\Negocio.csproj", "{D8891632-F679-4011-B99C-30AB3E435831}"
EndProject
Project("{FAE04EC0-301F-11D3-BF4B-00C04F79EFBC}") = "API", "API\API.csproj", "{D401868B-CA44-48DD-BDF1-91CABA46BEBC}"
EndProject
Global
	GlobalSection(SolutionConfigurationPlatforms) = preSolution
		Debug|Any CPU = Debug|Any CPU
		Release|Any CPU = Release|Any CPU
	EndGlobalSection
	GlobalSection(ProjectConfigurationPlatforms) = postSolution
		{FBA0D1FA-DFEA-4033-ADD1-A0FA1DD0EF9C}.Debug|Any CPU.ActiveCfg = Debug|Any CPU
		{FBA0D1FA-DFEA-4033-ADD1-A0FA1DD0EF9C}.Debug|Any CPU.Build.0 = Debug|Any CPU
		{FBA0D1FA-DFEA-4033-ADD1-A0FA1DD0EF9C}.Release|Any CPU.ActiveCfg = Release|Any CPU
		{FBA0D1FA-DFEA-4033-ADD1-A0FA1DD0EF9C}.Release|Any CPU.Build.0 = Release|Any CPU
		{D8891632-F679-4011-B99C-30AB3E435831}.Debug|Any CPU.ActiveCfg = Debug|Any CPU
		{D8891632-F679-4011-B99C-30AB3E435831}.Debug|Any CPU.Build.0 = Debug|Any CPU
		{D8891632-F679-4011-B99C-30AB3E435831}.Release|Any CPU.ActiveCfg = Release|Any CPU
		{D8891632-F679-4011-B99C-30AB3E435831}.Release|Any CPU.Build.0 = Release|Any CPU
		{D401868B-CA44-48DD-BDF1-91CABA46BEBC}.Debug|Any CPU.ActiveCfg = Debug|Any CPU
		{D401868B-CA44-48DD-BDF1-91CABA46BEBC}.Debug|Any CPU.Build.0 = Debug|Any CPU
		{D401868B-CA44-48DD-BDF1-91CABA46BEBC}.Release|Any CPU.ActiveCfg = Release|Any CPU
		{D401868B-CA44-48DD-BDF1-91CABA46BEBC}.Release|Any CPU.Build.0 = Release|Any CPU
	EndGlobalSection
	GlobalSection(SolutionProperties) = preSolution
		HideSolutionNode = FALSE
	EndGlobalSection
EndGlobal
